# This file is automatically @generated by Cargo.
# It is not intended for manual editing.
version = 4

[[package]]
name = "cluebot"
version = "0.1.0"

[[package]]
name = "cluebot-email"
version = "0.0.1"

[[package]]
name = "cluebot-engine"
version = "0.0.1"

[[package]]
name = "cluebot-lark"
version = "0.0.1"

[[package]]
name = "cluebot-llm"
version = "0.0.1"

[[package]]
name = "cluebot-runtime"
version = "0.0.1"

[[package]]
name = "discovery-strategy"
version = "0.0.1"

[[package]]
name = "strategy-creation"
version = "0.0.1"

[[package]]
name = "volatility-increase-short-selling"
version = "0.0.1"
